
Microsoft Visual Studio Solution File, Format Version 12.00
# Visual Studio Version 16
VisualStudioVersion = 16.0.31729.503
MinimumVisualStudioVersion = 10.0.40219.1
Project("{FAE04EC0-301F-11D3-BF4B-00C04F79EFBC}") = "ServerReservasi", "ServerReservasi.csproj", "{0906A91B-42C0-4540-89A6-BFC271D297B8}"
EndProject
Global
	GlobalSection(SolutionConfigurationPlatforms) = preSolution
		Debug|Any CPU = Debug|Any CPU
		Release|Any CPU = Release|Any CPU
	EndGlobalSection
	GlobalSection(ProjectConfigurationPlatforms) = postSolution
		{0906A91B-42C0-4540-89A6-BFC271D297B8}.Debug|Any CPU.ActiveCfg = Debug|Any CPU
		{0906A91B-42C0-4540-89A6-BFC271D297B8}.Debug|Any CPU.Build.0 = Debug|Any CPU
		{0906A91B-42C0-4540-89A6-BFC271D297B8}.Release|Any CPU.ActiveCfg = Release|Any CPU
		{0906A91B-42C0-4540-89A6-BFC271D297B8}.Release|Any CPU.Build.0 = Release|Any CPU
	EndGlobalSection
	GlobalSection(SolutionProperties) = preSolution
		HideSolutionNode = FALSE
	EndGlobalSection
	GlobalSection(ExtensibilityGlobals) = postSolution
		SolutionGuid = {A0DAB769-1242-4A11-8E47-0589028E3EDC}
	EndGlobalSection
EndGlobal
